
Microsoft Visual Studio Solution File, Format Version 12.00
# Visual Studio Version 17
VisualStudioVersion = 17.7.34202.233
MinimumVisualStudioVersion = 10.0.40219.1
Project("{FAE04EC0-301F-11D3-BF4B-00C04F79EFBC}") = "MGV-PARA-SYSTEL", "MGV-PARA-SYSTEL\MGV-PARA-SYSTEL.csproj", "{36844603-2A83-491C-802F-857BE3C35FB1}"
EndProject
Global
	GlobalSection(SolutionConfigurationPlatforms) = preSolution
		Debug|Any CPU = Debug|Any CPU
		Release|Any CPU = Release|Any CPU
	EndGlobalSection
	GlobalSection(ProjectConfigurationPlatforms) = postSolution
		{36844603-2A83-491C-802F-857BE3C35FB1}.Debug|Any CPU.ActiveCfg = Debug|Any CPU
		{36844603-2A83-491C-802F-857BE3C35FB1}.Debug|Any CPU.Build.0 = Debug|Any CPU
		{36844603-2A83-491C-802F-857BE3C35FB1}.Release|Any CPU.ActiveCfg = Release|Any CPU
		{36844603-2A83-491C-802F-857BE3C35FB1}.Release|Any CPU.Build.0 = Release|Any CPU
	EndGlobalSection
	GlobalSection(SolutionProperties) = preSolution
		HideSolutionNode = FALSE
	EndGlobalSection
	GlobalSection(ExtensibilityGlobals) = postSolution
		SolutionGuid = {076882B7-0539-41CE-88E5-01281D6EECB2}
	EndGlobalSection
EndGlobal
